
Microsoft Visual Studio Solution File, Format Version 12.00
# Visual Studio 14
VisualStudioVersion = 14.0.23107.0
MinimumVisualStudioVersion = 10.0.40219.1
Project("{FAE04EC0-301F-11D3-BF4B-00C04F79EFBC}") = "Day1", "Advent\Day1.csproj", "{784CF053-8937-4C49-AD1B-2B3FFB1AFDB9}"
EndProject
Project("{FAE04EC0-301F-11D3-BF4B-00C04F79EFBC}") = "Day1Test", "Day1Test\Day1Test.csproj", "{1867CF7B-4C28-4C7D-BBEE-DA72FA01B6AD}"
EndProject
Global
	GlobalSection(SolutionConfigurationPlatforms) = preSolution
		Debug|Any CPU = Debug|Any CPU
		Release|Any CPU = Release|Any CPU
	EndGlobalSection
	GlobalSection(ProjectConfigurationPlatforms) = postSolution
		{784CF053-8937-4C49-AD1B-2B3FFB1AFDB9}.Debug|Any CPU.ActiveCfg = Debug|Any CPU
		{784CF053-8937-4C49-AD1B-2B3FFB1AFDB9}.Debug|Any CPU.Build.0 = Debug|Any CPU
		{784CF053-8937-4C49-AD1B-2B3FFB1AFDB9}.Release|Any CPU.ActiveCfg = Release|Any CPU
		{784CF053-8937-4C49-AD1B-2B3FFB1AFDB9}.Release|Any CPU.Build.0 = Release|Any CPU
		{1867CF7B-4C28-4C7D-BBEE-DA72FA01B6AD}.Debug|Any CPU.ActiveCfg = Debug|Any CPU
		{1867CF7B-4C28-4C7D-BBEE-DA72FA01B6AD}.Debug|Any CPU.Build.0 = Debug|Any CPU
		{1867CF7B-4C28-4C7D-BBEE-DA72FA01B6AD}.Release|Any CPU.ActiveCfg = Release|Any CPU
		{1867CF7B-4C28-4C7D-BBEE-DA72FA01B6AD}.Release|Any CPU.Build.0 = Release|Any CPU
	EndGlobalSection
	GlobalSection(SolutionProperties) = preSolution
		HideSolutionNode = FALSE
	EndGlobalSection
EndGlobal
